
Microsoft Visual Studio Solution File, Format Version 12.00
# Visual Studio Version 16
VisualStudioVersion = 16.0.30503.244
MinimumVisualStudioVersion = 10.0.40219.1
Project("{FAE04EC0-301F-11D3-BF4B-00C04F79EFBC}") = "EmployeePayrollService", "EmployeePayrollService\EmployeePayrollService.csproj", "{332CD917-FB02-44D1-B73B-1039707DF053}"
EndProject
Global
	GlobalSection(SolutionConfigurationPlatforms) = preSolution
		Debug|Any CPU = Debug|Any CPU
		Release|Any CPU = Release|Any CPU
	EndGlobalSection
	GlobalSection(ProjectConfigurationPlatforms) = postSolution
		{332CD917-FB02-44D1-B73B-1039707DF053}.Debug|Any CPU.ActiveCfg = Debug|Any CPU
		{332CD917-FB02-44D1-B73B-1039707DF053}.Debug|Any CPU.Build.0 = Debug|Any CPU
		{332CD917-FB02-44D1-B73B-1039707DF053}.Release|Any CPU.ActiveCfg = Release|Any CPU
		{332CD917-FB02-44D1-B73B-1039707DF053}.Release|Any CPU.Build.0 = Release|Any CPU
	EndGlobalSection
	GlobalSection(SolutionProperties) = preSolution
		HideSolutionNode = FALSE
	EndGlobalSection
	GlobalSection(ExtensibilityGlobals) = postSolution
		SolutionGuid = {75ED3796-AF55-4EAC-9E70-E8EDF30EC9AD}
	EndGlobalSection
EndGlobal
